
Microsoft Visual Studio Solution File, Format Version 12.00
# Visual Studio Version 17
VisualStudioVersion = 17.5.002.0
MinimumVisualStudioVersion = 10.0.40219.1
Project("{2150E333-8FDC-42A3-9474-1A3956D46DE8}") = "csharp-prep", "csharp-prep", "{40E48287-916E-43BF-8C06-D650453534C7}"
EndProject
Project("{9A19103F-16F7-4668-BE54-9A1E7A4F7556}") = "Prep1", "csharp-prep\Prep1\Prep1.csproj", "{B663535F-EFFC-4723-A29D-C96A23B8E3E1}"
EndProject
Project("{9A19103F-16F7-4668-BE54-9A1E7A4F7556}") = "Prep2", "csharp-prep\Prep2\Prep2.csproj", "{FC79420C-5A2E-4386-8C12-EF594D8E60F0}"
EndProject
Project("{9A19103F-16F7-4668-BE54-9A1E7A4F7556}") = "Prep3", "csharp-prep\Prep3\Prep3.csproj", "{96EC8B2A-9FAE-4162-8F69-A11B1E3464EE}"
EndProject
Project("{9A19103F-16F7-4668-BE54-9A1E7A4F7556}") = "Prep4", "csharp-prep\Prep4\Prep4.csproj", "{B36F21AE-C57F-4497-AED8-8C2CFEEAB783}"
EndProject
Project("{9A19103F-16F7-4668-BE54-9A1E7A4F7556}") = "Prep5", "csharp-prep\Prep5\Prep5.csproj", "{3B2AF055-86D9-4BC6-B8A5-AC8D2D158936}"
EndProject
Project("{2150E333-8FDC-42A3-9474-1A3956D46DE8}") = "final", "final", "{17B2F210-58CA-4A75-B7C5-B31923815B20}"
EndProject
Project("{9A19103F-16F7-4668-BE54-9A1E7A4F7556}") = "FinalProject", "final\FinalProject\FinalProject.csproj", "{FC9C4CE4-98BD-4B92-A4BB-9460E201CA31}"
EndProject
Project("{9A19103F-16F7-4668-BE54-9A1E7A4F7556}") = "Foundation1", "final\Foundation1\Foundation1.csproj", "{89EFF56A-7647-47A4-90B2-36EEA3C27E1F}"
EndProject
Project("{9A19103F-16F7-4668-BE54-9A1E7A4F7556}") = "Foundation2", "final\Foundation2\Foundation2.csproj", "{A79F85AF-EC8E-47B0-85AB-9A7720254167}"
EndProject
Project("{9A19103F-16F7-4668-BE54-9A1E7A4F7556}") = "Foundation3", "final\Foundation3\Foundation3.csproj", "{F55C2619-4115-4191-80BE-AC271B19B45D}"
EndProject
Project("{9A19103F-16F7-4668-BE54-9A1E7A4F7556}") = "Foundation4", "final\Foundation4\Foundation4.csproj", "{F74513A5-186C-43E4-B72A-1445219AFCC0}"
EndProject
Project("{2150E333-8FDC-42A3-9474-1A3956D46DE8}") = "prepare", "prepare", "{ACB72906-F9E3-4F41-9764-7FE5D773E22B}"
EndProject
Project("{9A19103F-16F7-4668-BE54-9A1E7A4F7556}") = "Learning02", "prepare\Learning02\Learning02.csproj", "{4E2637E0-1746-4CC9-8AAA-BE3979FE635C}"
EndProject
Project("{9A19103F-16F7-4668-BE54-9A1E7A4F7556}") = "Learning03", "prepare\Learning03\Learning03.csproj", "{AA7CEB2B-F09A-4C4F-9D05-9ED61E666629}"
EndProject
Project("{9A19103F-16F7-4668-BE54-9A1E7A4F7556}") = "Learning04", "prepare\Learning04\Learning04.csproj", "{197A8319-F27A-4AA4-B71C-8EC3D26270CB}"
EndProject
Project("{9A19103F-16F7-4668-BE54-9A1E7A4F7556}") = "Learning05", "prepare\Learning05\Learning05.csproj", "{1080CF7A-B974-4924-BB1B-BD91518D7745}"
EndProject
Project("{2150E333-8FDC-42A3-9474-1A3956D46DE8}") = "prove", "prove", "{7B7D6664-B073-44C5-874C-290FD1283352}"
EndProject
Project("{9A19103F-16F7-4668-BE54-9A1E7A4F7556}") = "Develop02", "prove\Develop02\Develop02.csproj", "{39EBC250-5FF3-4523-8D97-C36A3C085111}"
EndProject
Project("{9A19103F-16F7-4668-BE54-9A1E7A4F7556}") = "Develop03", "prove\Develop03\Develop03.csproj", "{3933CC95-2FA7-4B32-8B5B-9530C7E77FD0}"
EndProject
Project("{9A19103F-16F7-4668-BE54-9A1E7A4F7556}") = "Develop04", "prove\Develop04\Develop04.csproj", "{9CFB2DBC-3176-42C7-9361-C6235E853D01}"
EndProject
Project("{9A19103F-16F7-4668-BE54-9A1E7A4F7556}") = "Develop05", "prove\Develop05\Develop05.csproj", "{40EFEDD6-6AB3-4EC3-8D9C-279AAA5D420F}"
EndProject
Project("{2150E333-8FDC-42A3-9474-1A3956D46DE8}") = "sandbox", "sandbox", "{3888CE49-E5D2-4CB8-81D5-6A36F57610A3}"
EndProject
Project("{9A19103F-16F7-4668-BE54-9A1E7A4F7556}") = "Sandbox", "sandbox\Sandbox\Sandbox.csproj", "{32DF79B2-CAB5-4E7B-940C-A3884C30CED3}"
EndProject
Global
	GlobalSection(SolutionConfigurationPlatforms) = preSolution
		Debug|Any CPU = Debug|Any CPU
		Release|Any CPU = Release|Any CPU
	EndGlobalSection
	GlobalSection(ProjectConfigurationPlatforms) = postSolution
		{B663535F-EFFC-4723-A29D-C96A23B8E3E1}.Debug|Any CPU.ActiveCfg = Debug|Any CPU
		{B663535F-EFFC-4723-A29D-C96A23B8E3E1}.Debug|Any CPU.Build.0 = Debug|Any CPU
		{B663535F-EFFC-4723-A29D-C96A23B8E3E1}.Release|Any CPU.ActiveCfg = Release|Any CPU
		{B663535F-EFFC-4723-A29D-C96A23B8E3E1}.Release|Any CPU.Build.0 = Release|Any CPU
		{FC79420C-5A2E-4386-8C12-EF594D8E60F0}.Debug|Any CPU.ActiveCfg = Debug|Any CPU
		{FC79420C-5A2E-4386-8C12-EF594D8E60F0}.Debug|Any CPU.Build.0 = Debug|Any CPU
		{FC79420C-5A2E-4386-8C12-EF594D8E60F0}.Release|Any CPU.ActiveCfg = Release|Any CPU
		{FC79420C-5A2E-4386-8C12-EF594D8E60F0}.Release|Any CPU.Build.0 = Release|Any CPU
		{96EC8B2A-9FAE-4162-8F69-A11B1E3464EE}.Debug|Any CPU.ActiveCfg = Debug|Any CPU
		{96EC8B2A-9FAE-4162-8F69-A11B1E3464EE}.Debug|Any CPU.Build.0 = Debug|Any CPU
		{96EC8B2A-9FAE-4162-8F69-A11B1E3464EE}.Release|Any CPU.ActiveCfg = Release|Any CPU
		{96EC8B2A-9FAE-4162-8F69-A11B1E3464EE}.Release|Any CPU.Build.0 = Release|Any CPU
		{B36F21AE-C57F-4497-AED8-8C2CFEEAB783}.Debug|Any CPU.ActiveCfg = Debug|Any CPU
		{B36F21AE-C57F-4497-AED8-8C2CFEEAB783}.Debug|Any CPU.Build.0 = Debug|Any CPU
		{B36F21AE-C57F-4497-AED8-8C2CFEEAB783}.Release|Any CPU.ActiveCfg = Release|Any CPU
		{B36F21AE-C57F-4497-AED8-8C2CFEEAB783}.Release|Any CPU.Build.0 = Release|Any CPU
		{3B2AF055-86D9-4BC6-B8A5-AC8D2D158936}.Debug|Any CPU.ActiveCfg = Debug|Any CPU
		{3B2AF055-86D9-4BC6-B8A5-AC8D2D158936}.Debug|Any CPU.Build.0 = Debug|Any CPU
		{3B2AF055-86D9-4BC6-B8A5-AC8D2D158936}.Release|Any CPU.ActiveCfg = Release|Any CPU
		{3B2AF055-86D9-4BC6-B8A5-AC8D2D158936}.Release|Any CPU.Build.0 = Release|Any CPU
		{FC9C4CE4-98BD-4B92-A4BB-9460E201CA31}.Debug|Any CPU.ActiveCfg = Debug|Any CPU
		{FC9C4CE4-98BD-4B92-A4BB-9460E201CA31}.Debug|Any CPU.Build.0 = Debug|Any CPU
		{FC9C4CE4-98BD-4B92-A4BB-9460E201CA31}.Release|Any CPU.ActiveCfg = Release|Any CPU
		{FC9C4CE4-98BD-4B92-A4BB-9460E201CA31}.Release|Any CPU.Build.0 = Release|Any CPU
		{89EFF56A-7647-47A4-90B2-36EEA3C27E1F}.Debug|Any CPU.ActiveCfg = Debug|Any CPU
		{89EFF56A-7647-47A4-90B2-36EEA3C27E1F}.Debug|Any CPU.Build.0 = Debug|Any CPU
		{89EFF56A-7647-47A4-90B2-36EEA3C27E1F}.Release|Any CPU.ActiveCfg = Release|Any CPU
		{89EFF56A-7647-47A4-90B2-36EEA3C27E1F}.Release|Any CPU.Build.0 = Release|Any CPU
		{A79F85AF-EC8E-47B0-85AB-9A7720254167}.Debug|Any CPU.ActiveCfg = Debug|Any CPU
		{A79F85AF-EC8E-47B0-85AB-9A7720254167}.Debug|Any CPU.Build.0 = Debug|Any CPU
		{A79F85AF-EC8E-47B0-85AB-9A7720254167}.Release|Any CPU.ActiveCfg = Release|Any CPU
		{A79F85AF-EC8E-47B0-85AB-9A7720254167}.Release|Any CPU.Build.0 = Release|Any CPU
		{F55C2619-4115-4191-80BE-AC271B19B45D}.Debug|Any CPU.ActiveCfg = Debug|Any CPU
		{F55C2619-4115-4191-80BE-AC271B19B45D}.Debug|Any CPU.Build.0 = Debug|Any CPU
		{F55C2619-4115-4191-80BE-AC271B19B45D}.Release|Any CPU.ActiveCfg = Release|Any CPU
		{F55C2619-4115-4191-80BE-AC271B19B45D}.Release|Any CPU.Build.0 = Release|Any CPU
		{F74513A5-186C-43E4-B72A-1445219AFCC0}.Debug|Any CPU.ActiveCfg = Debug|Any CPU
		{F74513A5-186C-43E4-B72A-1445219AFCC0}.Debug|Any CPU.Build.0 = Debug|Any CPU
		{F74513A5-186C-43E4-B72A-1445219AFCC0}.Release|Any CPU.ActiveCfg = Release|Any CPU
		{F74513A5-186C-43E4-B72A-1445219AFCC0}.Release|Any CPU.Build.0 = Release|Any CPU
		{4E2637E0-1746-4CC9-8AAA-BE3979FE635C}.Debug|Any CPU.ActiveCfg = Debug|Any CPU
		{4E2637E0-1746-4CC9-8AAA-BE3979FE635C}.Debug|Any CPU.Build.0 = Debug|Any CPU
		{4E2637E0-1746-4CC9-8AAA-BE3979FE635C}.Release|Any CPU.ActiveCfg = Release|Any CPU
		{4E2637E0-1746-4CC9-8AAA-BE3979FE635C}.Release|Any CPU.Build.0 = Release|Any CPU
		{AA7CEB2B-F09A-4C4F-9D05-9ED61E666629}.Debug|Any CPU.ActiveCfg = Debug|Any CPU
		{AA7CEB2B-F09A-4C4F-9D05-9ED61E666629}.Debug|Any CPU.Build.0 = Debug|Any CPU
		{AA7CEB2B-F09A-4C4F-9D05-9ED61E666629}.Release|Any CPU.ActiveCfg = Release|Any CPU
		{AA7CEB2B-F09A-4C4F-9D05-9ED61E666629}.Release|Any CPU.Build.0 = Release|Any CPU
		{197A8319-F27A-4AA4-B71C-8EC3D26270CB}.Debug|Any CPU.ActiveCfg = Debug|Any CPU
		{197A8319-F27A-4AA4-B71C-8EC3D26270CB}.Debug|Any CPU.Build.0 = Debug|Any CPU
		{197A8319-F27A-4AA4-B71C-8EC3D26270CB}.Release|Any CPU.ActiveCfg = Release|Any CPU
		{197A8319-F27A-4AA4-B71C-8EC3D26270CB}.Release|Any CPU.Build.0 = Release|Any CPU
		{1080CF7A-B974-4924-BB1B-BD91518D7745}.Debug|Any CPU.ActiveCfg = Debug|Any CPU
		{1080CF7A-B974-4924-BB1B-BD91518D7745}.Debug|Any CPU.Build.0 = Debug|Any CPU
		{1080CF7A-B974-4924-BB1B-BD91518D7745}.Release|Any CPU.ActiveCfg = Release|Any CPU
		{1080CF7A-B974-4924-BB1B-BD91518D7745}.Release|Any CPU.Build.0 = Release|Any CPU
		{39EBC250-5FF3-4523-8D97-C36A3C085111}.Debug|Any CPU.ActiveCfg = Debug|Any CPU
		{39EBC250-5FF3-4523-8D97-C36A3C085111}.Debug|Any CPU.Build.0 = Debug|Any CPU
		{39EBC250-5FF3-4523-8D97-C36A3C085111}.Release|Any CPU.ActiveCfg = Release|Any CPU
		{39EBC250-5FF3-4523-8D97-C36A3C085111}.Release|Any CPU.Build.0 = Release|Any CPU
		{3933CC95-2FA7-4B32-8B5B-9530C7E77FD0}.Debug|Any CPU.ActiveCfg = Debug|Any CPU
		{3933CC95-2FA7-4B32-8B5B-9530C7E77FD0}.Debug|Any CPU.Build.0 = Debug|Any CPU
		{3933CC95-2FA7-4B32-8B5B-9530C7E77FD0}.Release|Any CPU.ActiveCfg = Release|Any CPU
		{3933CC95-2FA7-4B32-8B5B-9530C7E77FD0}.Release|Any CPU.Build.0 = Release|Any CPU
		{9CFB2DBC-3176-42C7-9361-C6235E853D01}.Debug|Any CPU.ActiveCfg = Debug|Any CPU
		{9CFB2DBC-3176-42C7-9361-C6235E853D01}.Debug|Any CPU.Build.0 = Debug|Any CPU
		{9CFB2DBC-3176-42C7-9361-C6235E853D01}.Release|Any CPU.ActiveCfg = Release|Any CPU
		{9CFB2DBC-3176-42C7-9361-C6235E853D01}.Release|Any CPU.Build.0 = Release|Any CPU
		{40EFEDD6-6AB3-4EC3-8D9C-279AAA5D420F}.Debug|Any CPU.ActiveCfg = Debug|Any CPU
		{40EFEDD6-6AB3-4EC3-8D9C-279AAA5D420F}.Debug|Any CPU.Build.0 = Debug|Any CPU
		{40EFEDD6-6AB3-4EC3-8D9C-279AAA5D420F}.Release|Any CPU.ActiveCfg = Release|Any CPU
		{40EFEDD6-6AB3-4EC3-8D9C-279AAA5D420F}.Release|Any CPU.Build.0 = Release|Any CPU
		{32DF79B2-CAB5-4E7B-940C-A3884C30CED3}.Debug|Any CPU.ActiveCfg = Debug|Any CPU
		{32DF79B2-CAB5-4E7B-940C-A3884C30CED3}.Debug|Any CPU.Build.0 = Debug|Any CPU
		{32DF79B2-CAB5-4E7B-940C-A3884C30CED3}.Release|Any CPU.ActiveCfg = Release|Any CPU
		{32DF79B2-CAB5-4E7B-940C-A3884C30CED3}.Release|Any CPU.Build.0 = Release|Any CPU
	EndGlobalSection
	GlobalSection(SolutionProperties) = preSolution
		HideSolutionNode = FALSE
	EndGlobalSection
	GlobalSection(NestedProjects) = preSolution
		{B663535F-EFFC-4723-A29D-C96A23B8E3E1} = {40E48287-916E-43BF-8C06-D650453534C7}
		{FC79420C-5A2E-4386-8C12-EF594D8E60F0} = {40E48287-916E-43BF-8C06-D650453534C7}
		{96EC8B2A-9FAE-4162-8F69-A11B1E3464EE} = {40E48287-916E-43BF-8C06-D650453534C7}
		{B36F21AE-C57F-4497-AED8-8C2CFEEAB783} = {40E48287-916E-43BF-8C06-D650453534C7}
		{3B2AF055-86D9-4BC6-B8A5-AC8D2D158936} = {40E48287-916E-43BF-8C06-D650453534C7}
		{FC9C4CE4-98BD-4B92-A4BB-9460E201CA31} = {17B2F210-58CA-4A75-B7C5-B31923815B20}
		{89EFF56A-7647-47A4-90B2-36EEA3C27E1F} = {17B2F210-58CA-4A75-B7C5-B31923815B20}
		{A79F85AF-EC8E-47B0-85AB-9A7720254167} = {17B2F210-58CA-4A75-B7C5-B31923815B20}
		{F55C2619-4115-4191-80BE-AC271B19B45D} = {17B2F210-58CA-4A75-B7C5-B31923815B20}
		{F74513A5-186C-43E4-B72A-1445219AFCC0} = {17B2F210-58CA-4A75-B7C5-B31923815B20}
		{4E2637E0-1746-4CC9-8AAA-BE3979FE635C} = {ACB72906-F9E3-4F41-9764-7FE5D773E22B}
		{AA7CEB2B-F09A-4C4F-9D05-9ED61E666629} = {ACB72906-F9E3-4F41-9764-7FE5D773E22B}
		{197A8319-F27A-4AA4-B71C-8EC3D26270CB} = {ACB72906-F9E3-4F41-9764-7FE5D773E22B}
		{1080CF7A-B974-4924-BB1B-BD91518D7745} = {ACB72906-F9E3-4F41-9764-7FE5D773E22B}
		{39EBC250-5FF3-4523-8D97-C36A3C085111} = {7B7D6664-B073-44C5-874C-290FD1283352}
		{3933CC95-2FA7-4B32-8B5B-9530C7E77FD0} = {7B7D6664-B073-44C5-874C-290FD1283352}
		{9CFB2DBC-3176-42C7-9361-C6235E853D01} = {7B7D6664-B073-44C5-874C-290FD1283352}
		{40EFEDD6-6AB3-4EC3-8D9C-279AAA5D420F} = {7B7D6664-B073-44C5-874C-290FD1283352}
		{32DF79B2-CAB5-4E7B-940C-A3884C30CED3} = {3888CE49-E5D2-4CB8-81D5-6A36F57610A3}
	EndGlobalSection
	GlobalSection(ExtensibilityGlobals) = postSolution
		SolutionGuid = {4C9C21C4-7D92-4877-BF6E-FC52EB49A013}
	EndGlobalSection
EndGlobal
